{
    "_meta": {
        "hash": {
            "sha256": "ebde352b6f26b2b07390441f8bef1909cda9786726aad18c33577cce09264508"
        },
        "pipfile-spec": 6,
        "requires": {
            "python_version": "3.6"
        },
        "sources": [
            {
                "name": "pypi",
                "url": "https://pypi.org/simple",
                "verify_ssl": true
            }
        ]
    },
    "default": {
        "alembic": {
            "hashes": [
                "sha256:29be0856ec7591c39f4e1cb10f198045d890e6e2274cf8da80cb5e721a09642b",
                "sha256:4961248173ead7ce8a21efb3de378f13b8398e6630fab0eb258dc74a8af24c58"
            ],
            "markers": "python_version >= '3.6'",
            "version": "==1.7.7"
        },
        "click": {
            "hashes": [
                "sha256:6a7a62563bbfabfda3a38f3023a1db4a35978c0abd76f6c9605ecd6554d6d9b1",
                "sha256:8458d7b1287c5fb128c90e23381cf99dcde74beaf6c7ff6384ce84d6fe090adb"
            ],
            "markers": "python_version >= '3.6'",
            "version": "==8.0.4"
        },
        "eralchemy": {
            "hashes": [
                "sha256:4daa1faba6c1f01c421f6fcc288681d973b8e4fdc781ac6557659878bcb957f3",
                "sha256:be992624878278195c3240b90523acb35d97453f1a350c44b4311d4333940f0d"
            ],
            "index": "pypi",
            "version": "==1.2.10"
        },
        "flask": {
            "hashes": [
                "sha256:ad7c6d841e64296b962296c2c2dabc6543752985727af86a975072dea984b6f3",
                "sha256:e7d32475d1de5facaa55e3958bc4ec66d3762076b074296aa50ef8fdc5b9df61"
            ],
            "index": "pypi",
            "version": "==1.0.3"
        },
        "flask-cors": {
            "hashes": [
                "sha256:7ad56ee3b90d4955148fc25a2ecaa1124fc84298471e266a7fea59aeac4405a5",
                "sha256:7e90bf225fdf163d11b84b59fb17594d0580a16b97ab4e1146b1fb2737c1cfec"
            ],
            "index": "pypi",
            "version": "==3.0.7"
        },
        "flask-migrate": {
            "hashes": [
                "sha256:a08a92eaf2c5b1a49280bdc9faa1ac1d3538aeb65945adfdd45cc4789499b0d4",
                "sha256:e2217ff18b98df27adbf6cc51eaa5f074c9e22f06074b47ebc7b29d2f545eccc"
            ],
            "index": "pypi",
            "version": "==2.5.1"
        },
        "flask-sqlalchemy": {
            "hashes": [
                "sha256:0c9609b0d72871c540a7945ea559c8fdf5455192d2db67219509aed680a3d45a",
                "sha256:8631bbea987bc3eb0f72b1f691d47bd37ceb795e73b59ab48586d76d75a7c605"
            ],
            "index": "pypi",
            "version": "==2.4.0"
        },
        "flask-swagger": {
            "hashes": [
                "sha256:3caddb1311388eafc86f82f8e64ba386a5df6b84e5f16dfae19ca08173eba216",
                "sha256:b4085f5bc36df4c20b6548cd1413adc9cf35719b0f0695367cd542065145294d"
            ],
            "index": "pypi",
            "version": "==0.2.14"
        },
        "importlib-metadata": {
            "hashes": [
                "sha256:65a9576a5b2d58ca44d133c42a241905cc45e34d2c06fd5ba2bafa221e5d7b5e",
                "sha256:766abffff765960fcc18003801f7044eb6755ffae4521c8e8ce8e83b9c9b0668"
            ],
            "markers": "python_version < '3.9'",
            "version": "==4.8.3"
        },
        "importlib-resources": {
            "hashes": [
                "sha256:33a95faed5fc19b4bc16b29a6eeae248a3fe69dd55d4d229d2b480e23eeaad45",
                "sha256:d756e2f85dd4de2ba89be0b21dba2a3bbec2e871a42a3a16719258a11f87506b"
            ],
            "markers": "python_version < '3.9'",
            "version": "==5.4.0"
        },
        "itsdangerous": {
            "hashes": [
                "sha256:5174094b9637652bdb841a3029700391451bd092ba3db90600dea710ba28e97c",
                "sha256:9e724d68fc22902a1435351f84c3fb8623f303fffcc566a4cb952df8c572cff0"
            ],
            "markers": "python_version >= '3.6'",
            "version": "==2.0.1"
        },
        "jinja2": {
            "hashes": [
                "sha256:077ce6014f7b40d03b47d1f1ca4b0fc8328a692bd284016f806ed0eaca390ad8",
                "sha256:611bb273cd68f3b993fabdc4064fc858c5b47a973cb5aa7999ec1ba405c87cd7"
            ],
            "markers": "python_version >= '3.6'",
            "version": "==3.0.3"
        },
        "mako": {
            "hashes": [
                "sha256:4e9e345a41924a954251b95b4b28e14a301145b544901332e658907a7464b6b2",
                "sha256:afaf8e515d075b22fad7d7b8b30e4a1c90624ff2f3733a06ec125f5a5f043a57"
            ],
            "markers": "python_version >= '2.7' and python_version not in '3.0, 3.1, 3.2, 3.3'",
            "version": "==1.1.6"
        },
        "markupsafe": {
            "hashes": [
                "sha256:01a9b8ea66f1658938f65b93a85ebe8bc016e6769611be228d797c9d998dd298",
                "sha256:023cb26ec21ece8dc3907c0e8320058b2e0cb3c55cf9564da612bc325bed5e64",
                "sha256:0446679737af14f45767963a1a9ef7620189912317d095f2d9ffa183a4d25d2b",
                "sha256:04635854b943835a6ea959e948d19dcd311762c5c0c6e1f0e16ee57022669194",
                "sha256:0717a7390a68be14b8c793ba258e075c6f4ca819f15edfc2a3a027c823718567",
                "sha256:0955295dd5eec6cb6cc2fe1698f4c6d84af2e92de33fbcac4111913cd100a6ff",
                "sha256:0d4b31cc67ab36e3392bbf3862cfbadac3db12bdd8b02a2731f509ed5b829724",
                "sha256:10f82115e21dc0dfec9ab5c0223652f7197feb168c940f3ef61563fc2d6beb74",
                "sha256:168cd0a3642de83558a5153c8bd34f175a9a6e7f6dc6384b9655d2697312a646",
                "sha256:1d609f577dc6e1aa17d746f8bd3c31aa4d258f4070d61b2aa5c4166c1539de35",
                "sha256:1f2ade76b9903f39aa442b4aadd2177decb66525062db244b35d71d0ee8599b6",
                "sha256:20dca64a3ef2d6e4d5d615a3fd418ad3bde77a47ec8a23d984a12b5b4c74491a",
                "sha256:2a7d351cbd8cfeb19ca00de495e224dea7e7d919659c2841bbb7f420ad03e2d6",
                "sha256:2d7d807855b419fc2ed3e631034685db6079889a1f01d5d9dac950f764da3dad",
                "sha256:2ef54abee730b502252bcdf31b10dacb0a416229b72c18b19e24a4509f273d26",
                "sha256:36bc903cbb393720fad60fc28c10de6acf10dc6cc883f3e24ee4012371399a38",
                "sha256:37205cac2a79194e3750b0af2a5720d95f786a55ce7df90c3af697bfa100eaac",
                "sha256:3c112550557578c26af18a1ccc9e090bfe03832ae994343cfdacd287db6a6ae7",
                "sha256:3dd007d54ee88b46be476e293f48c85048603f5f516008bee124ddd891398ed6",
                "sha256:4296f2b1ce8c86a6aea78613c34bb1a672ea0e3de9c6ba08a960efe0b0a09047",
                "sha256:47ab1e7b91c098ab893b828deafa1203de86d0bc6ab587b160f78fe6c4011f75",
                "sha256:49e3ceeabbfb9d66c3aef5af3a60cc43b85c33df25ce03d0031a608b0a8b2e3f",
                "sha256:4dc8f9fb58f7364b63fd9f85013b780ef83c11857ae79f2feda41e270468dd9b",
                "sha256:4efca8f86c54b22348a5467704e3fec767b2db12fc39c6d963168ab1d3fc9135",
                "sha256:53edb4da6925ad13c07b6d26c2a852bd81e364f95301c66e930ab2aef5b5ddd8",
                "sha256:5855f8438a7d1d458206a2466bf82b0f104a3724bf96a1c781ab731e4201731a",
                "sha256:594c67807fb16238b30c44bdf74f36c02cdf22d1c8cda91ef8a0ed8dabf5620a",
                "sha256:5b6d930f030f8ed98e3e6c98ffa0652bdb82601e7a016ec2ab5d7ff23baa78d1",
                "sha256:5bb28c636d87e840583ee3adeb78172efc47c8b26127267f54a9c0ec251d41a9",
                "sha256:60bf42e36abfaf9aff1f50f52644b336d4f0a3fd6d8a60ca0d054ac9f713a864",
                "sha256:611d1ad9a4288cf3e3c16014564df047fe08410e628f89805e475368bd304914",
                "sha256:6300b8454aa6930a24b9618fbb54b5a68135092bc666f7b06901f897fa5c2fee",
                "sha256:63f3268ba69ace99cab4e3e3b5840b03340efed0948ab8f78d2fd87ee5442a4f",
                "sha256:6557b31b5e2c9ddf0de32a691f2312a32f77cd7681d8af66c2692efdbef84c18",
                "sha256:693ce3f9e70a6cf7d2fb9e6c9d8b204b6b39897a2c4a1aa65728d5ac97dcc1d8",
                "sha256:6a7fae0dd14cf60ad5ff42baa2e95727c3d81ded453457771d02b7d2b3f9c0c2",
                "sha256:6c4ca60fa24e85fe25b912b01e62cb969d69a23a5d5867682dd3e80b5b02581d",
                "sha256:6fcf051089389abe060c9cd7caa212c707e58153afa2c649f00346ce6d260f1b",
                "sha256:7d91275b0245b1da4d4cfa07e0faedd5b0812efc15b702576d103293e252af1b",
                "sha256:89c687013cb1cd489a0f0ac24febe8c7a666e6e221b783e53ac50ebf68e45d86",
                "sha256:8d206346619592c6200148b01a2142798c989edcb9c896f9ac9722a99d4e77e6",
                "sha256:905fec760bd2fa1388bb5b489ee8ee5f7291d692638ea5f67982d968366bef9f",
                "sha256:97383d78eb34da7e1fa37dd273c20ad4320929af65d156e35a5e2d89566d9dfb",
                "sha256:984d76483eb32f1bcb536dc27e4ad56bba4baa70be32fa87152832cdd9db0833",
                "sha256:99df47edb6bda1249d3e80fdabb1dab8c08ef3975f69aed437cb69d0a5de1e28",
                "sha256:9f02365d4e99430a12647f09b6cc8bab61a6564363f313126f775eb4f6ef798e",
                "sha256:a30e67a65b53ea0a5e62fe23682cfe22712e01f453b95233b25502f7c61cb415",
                "sha256:ab3ef638ace319fa26553db0624c4699e31a28bb2a835c5faca8f8acf6a5a902",
                "sha256:aca6377c0cb8a8253e493c6b451565ac77e98c2951c45f913e0b52facdcff83f",
                "sha256:add36cb2dbb8b736611303cd3bfcee00afd96471b09cda130da3581cbdc56a6d",
                "sha256:b2f4bf27480f5e5e8ce285a8c8fd176c0b03e93dcc6646477d4630e83440c6a9",
                "sha256:b7f2d075102dc8c794cbde1947378051c4e5180d52d276987b8d28a3bd58c17d",
                "sha256:baa1a4e8f868845af802979fcdbf0bb11f94f1cb7ced4c4b8a351bb60d108145",
                "sha256:be98f628055368795d818ebf93da628541e10b75b41c559fdf36d104c5787066",
                "sha256:bf5d821ffabf0ef3533c39c518f3357b171a1651c1ff6827325e4489b0e46c3c",
                "sha256:c47adbc92fc1bb2b3274c4b3a43ae0e4573d9fbff4f54cd484555edbf030baf1",
                "sha256:cdfba22ea2f0029c9261a4bd07e830a8da012291fbe44dc794e488b6c9bb353a",
                "sha256:d6c7ebd4e944c85e2c3421e612a7057a2f48d478d79e61800d81468a8d842207",
                "sha256:d7f9850398e85aba693bb640262d3611788b1f29a79f0c93c565694658f4071f",
                "sha256:d8446c54dc28c01e5a2dbac5a25f071f6653e6e40f3a8818e8b45d790fe6ef53",
                "sha256:deb993cacb280823246a026e3b2d81c493c53de6acfd5e6bfe31ab3402bb37dd",
                "sha256:e0f138900af21926a02425cf736db95be9f4af72ba1bb21453432a07f6082134",
                "sha256:e9936f0b261d4df76ad22f8fee3ae83b60d7c3e871292cd42f40b81b70afae85",
                "sha256:f0567c4dc99f264f49fe27da5f735f414c4e7e7dd850cfd8e69f0862d7c74ea9",
                "sha256:f5653a225f31e113b152e56f154ccbe59eeb1c7487b39b9d9f9cdb58e6c79dc5",
                "sha256:f826e31d18b516f653fe296d967d700fddad5901ae07c622bb3705955e1faa94",
                "sha256:f8ba0e8349a38d3001fae7eadded3f6606f0da5d748ee53cc1dab1d6527b9509",
                "sha256:f9081981fe268bd86831e5c75f7de206ef275defcb82bc70740ae6dc507aee51",
                "sha256:fa130dd50c57d53368c9d59395cb5526eda596d3ffe36666cd81a44d56e48872"
            ],
            "markers": "python_version >= '3.6'",
            "version": "==2.0.1"
        },
        "mysqlclient": {
            "hashes": [
                "sha256:425e733b05e359a714d6007c0fc44582be66b63e5a3df0a50949274ae16f4bc6",
                "sha256:62e4770b6a797b9416bcf70488365b7d6b9c9066878108499c559293bb464380",
                "sha256:f257d250f2675d0ef99bd318906f3cfc05cef4a2f385ea695ff32a3f04b9f9a7"
            ],
            "index": "pypi",
            "version": "==1.4.2.post1"
        },
        "psycopg2-binary": {
            "hashes": [
                "sha256:007ca0df127b1862fc010125bc4100b7a630efc6841047bd11afceadb4754611",
                "sha256:03c49e02adf0b4d68f422fdbd98f7a7c547beb27e99a75ed02298f85cb48406a",
                "sha256:0a1232cdd314e08848825edda06600455ad2a7adaa463ebfb12ece2d09f3370e",
                "sha256:131c80d0958c89273d9720b9adf9df1d7600bb3120e16019a7389ab15b079af5",
                "sha256:2de34cc3b775724623f86617d2601308083176a495f5b2efc2bbb0da154f483a",
                "sha256:2eddc31500f73544a2a54123d4c4b249c3c711d31e64deddb0890982ea37397a",
                "sha256:484f6c62bdc166ee0e5be3aa831120423bf399786d1f3b0304526c86180fbc0b",
                "sha256:4c2d9369ed40b4a44a8ccd6bc3a7db6272b8314812d2d1091f95c4c836d92e06",
                "sha256:70f570b5fa44413b9f30dbc053d17ef3ce6a4100147a10822f8662e58d473656",
                "sha256:7a2b5b095f3bd733aab101c89c0e1a3f0dfb4ebdc26f6374805c086ffe29d5b2",
                "sha256:804914a669186e2843c1f7fbe12b55aad1b36d40a28274abe6027deffad9433d",
                "sha256:8520c03172da18345d012949a53617a963e0191ccb3c666f23276d5326af27b5",
                "sha256:90da901fc33ea393fc644607e4a3916b509387e9339ec6ebc7bfded45b7a0ae9",
                "sha256:a582416ad123291a82c300d1d872bdc4136d69ad0b41d57dc5ca3df7ef8e3088",
                "sha256:ac8c5e20309f4989c296d62cac20ee456b69c41fd1bc03829e27de23b6fa9dd0",
                "sha256:b2cf82f55a619879f8557fdaae5cec7a294fac815e0087c4f67026fdf5259844",
                "sha256:b59d6f8cfca2983d8fdbe457bf95d2192f7b7efdb2b483bf5fa4e8981b04e8b2",
                "sha256:be08168197021d669b9964bd87628fa88f910b1be31e7010901070f2540c05fd",
                "sha256:be0f952f1c365061041bad16e27e224e29615d4eb1fb5b7e7760a1d3d12b90b6",
                "sha256:c1c9a33e46d7c12b9c96cf2d4349d783e3127163fd96254dcd44663cf0a1d438",
                "sha256:d18c89957ac57dd2a2724ecfe9a759912d776f96ecabba23acb9ecbf5c731035",
                "sha256:d7e7b0ff21f39433c50397e60bf0995d078802c591ca3b8d99857ea18a7496ee",
                "sha256:da0929b2bf0d1f365345e5eb940d8713c1d516312e010135b14402e2a3d2404d",
                "sha256:de24a4962e361c512d3e528ded6c7480eab24c655b8ca1f0b761d3b3650d2f07",
                "sha256:e45f93ff3f7dae2202248cf413a87aeb330821bf76998b3cf374eda2fc893dd7",
                "sha256:f046aeae1f7a845041b8661bb7a52449202b6c5d3fb59eb4724e7ca088811904",
                "sha256:f1dc2b7b2748084b890f5d05b65a47cd03188824890e9a60818721fd492249fb",
                "sha256:fcbe7cf3a786572b73d2cd5f34ed452a5f5fac47c9c9d1e0642c457a148f9f88"
            ],
            "index": "pypi",
            "version": "==2.8.2"
        },
        "pygraphviz": {
            "hashes": [
                "sha256:411ae84a5bc313e3e1523a1cace59159f512336318a510573b47f824edef8860"
            ],
            "markers": "python_version >= '3.6'",
            "version": "==1.6"
        },
        "python-dotenv": {
            "hashes": [
                "sha256:156f218846bd90e0d537915545cde4a987947c2cecc628b50f9955fdde72534a",
                "sha256:6640acd76e6cab84648e4fec16c9d19de6700971f9d91d045e7120622167bfda"
            ],
            "index": "pypi",
            "version": "==0.10.2"
        },
        "pyyaml": {
            "hashes": [
                "sha256:01b45c0191e6d66c470b6cf1b9531a771a83c1c4208272ead47a3ae4f2f603bf",
                "sha256:0283c35a6a9fbf047493e3a0ce8d79ef5030852c51e9d911a27badfde0605293",
                "sha256:055d937d65826939cb044fc8c9b08889e8c743fdc6a32b33e2390f66013e449b",
                "sha256:07751360502caac1c067a8132d150cf3d61339af5691fe9e87803040dbc5db57",
                "sha256:0b4624f379dab24d3725ffde76559cff63d9ec94e1736b556dacdfebe5ab6d4b",
                "sha256:0ce82d761c532fe4ec3f87fc45688bdd3a4c1dc5e0b4a19814b9009a29baefd4",
                "sha256:1e4747bc279b4f613a09eb64bba2ba602d8a6664c6ce6396a4d0cd413a50ce07",
                "sha256:213c60cd50106436cc818accf5baa1aba61c0189ff610f64f4a3e8c6726218ba",
                "sha256:231710d57adfd809ef5d34183b8ed1eeae3f76459c18fb4a0b373ad56bedcdd9",
                "sha256:277a0ef2981ca40581a47093e9e2d13b3f1fbbeffae064c1d21bfceba2030287",
                "sha256:2cd5df3de48857ed0544b34e2d40e9fac445930039f3cfe4bcc592a1f836d513",
                "sha256:40527857252b61eacd1d9af500c3337ba8deb8fc298940291486c465c8b46ec0",
                "sha256:432557aa2c09802be39460360ddffd48156e30721f5e8d917f01d31694216782",
                "sha256:473f9edb243cb1935ab5a084eb238d842fb8f404ed2193a915d1784b5a6b5fc0",
                "sha256:48c346915c114f5fdb3ead70312bd042a953a8ce5c7106d5bfb1a5254e47da92",
                "sha256:50602afada6d6cbfad699b0c7bb50d5ccffa7e46a3d738092afddc1f9758427f",
                "sha256:68fb519c14306fec9720a2a5b45bc9f0c8d1b9c72adf45c37baedfcd949c35a2",
                "sha256:77f396e6ef4c73fdc33a9157446466f1cff553d979bd00ecb64385760c6babdc",
                "sha256:81957921f441d50af23654aa6c5e5eaf9b06aba7f0a19c18a538dc7ef291c5a1",
                "sha256:819b3830a1543db06c4d4b865e70ded25be52a2e0631ccd2f6a47a2822f2fd7c",
                "sha256:897b80890765f037df3403d22bab41627ca8811ae55e9a722fd0392850ec4d86",
                "sha256:98c4d36e99714e55cfbaaee6dd5badbc9a1ec339ebfc3b1f52e293aee6bb71a4",
                "sha256:9df7ed3b3d2e0ecfe09e14741b857df43adb5a3ddadc919a2d94fbdf78fea53c",
                "sha256:9fa600030013c4de8165339db93d182b9431076eb98eb40ee068700c9c813e34",
                "sha256:a80a78046a72361de73f8f395f1f1e49f956c6be882eed58505a15f3e430962b",
                "sha256:afa17f5bc4d1b10afd4466fd3a44dc0e245382deca5b3c353d8b757f9e3ecb8d",
                "sha256:b3d267842bf12586ba6c734f89d1f5b871df0273157918b0ccefa29deb05c21c",
                "sha256:b5b9eccad747aabaaffbc6064800670f0c297e52c12754eb1d976c57e4f74dcb",
                "sha256:bfaef573a63ba8923503d27530362590ff4f576c626d86a9fed95822a8255fd7",
                "sha256:c5687b8d43cf58545ade1fe3e055f70eac7a5a1a0bf42824308d868289a95737",
                "sha256:cba8c411ef271aa037d7357a2bc8f9ee8b58b9965831d9e51baf703280dc73d3",
                "sha256:d15a181d1ecd0d4270dc32edb46f7cb7733c7c508857278d3d378d14d606db2d",
                "sha256:d4b0ba9512519522b118090257be113b9468d804b19d63c71dbcf4a48fa32358",
                "sha256:d4db7c7aef085872ef65a8fd7d6d09a14ae91f691dec3e87ee5ee0539d516f53",
                "sha256:d4eccecf9adf6fbcc6861a38015c2a64f38b9d94838ac1810a9023a0609e1b78",
                "sha256:d67d839ede4ed1b28a4e8909735fc992a923cdb84e618544973d7dfc71540803",
                "sha256:daf496c58a8c52083df09b80c860005194014c3698698d1a57cbcfa182142a3a",
                "sha256:dbad0e9d368bb989f4515da330b88a057617d16b6a8245084f1b05400f24609f",
                "sha256:e61ceaab6f49fb8bdfaa0f92c4b57bcfbea54c09277b1b4f7ac376bfb7a7c174",
                "sha256:f84fbc98b019fef2ee9a1cb3ce93e3187a6df0b2538a651bfb890254ba9f90b5"
            ],
            "markers": "python_version >= '3.6'",
            "version": "==6.0"
        },
        "six": {
            "hashes": [
                "sha256:1e61c37477a1626458e36f7b1d82aa5c9b094fa4802892072e49de9c60c4c926",
                "sha256:8abb2f1d86890a2dfb989f9a77cfcfd3e47c2a354b01111771326f8aa26e0254"
            ],
            "markers": "python_version >= '2.7' and python_version not in '3.0, 3.1, 3.2, 3.3'",
            "version": "==1.16.0"
        },
        "sqlalchemy": {
            "hashes": [
                "sha256:91c54ca8345008fceaec987e10924bf07dcab36c442925357e5a467b36a38319"
            ],
            "index": "pypi",
            "version": "==1.3.3"
        },
        "typing-extensions": {
            "hashes": [
                "sha256:1a9462dcc3347a79b1f1c0271fbe79e844580bb598bafa1ed208b94da3cdcd42",
                "sha256:21c85e0fe4b9a155d0799430b0ad741cdce7e359660ccbd8b530613e8df88ce2"
            ],
            "markers": "python_version < '3.8'",
            "version": "==4.1.1"
        },
        "werkzeug": {
            "hashes": [
                "sha256:87ae4e5b5366da2347eb3116c0e6c681a0e939a33b2805e2c0cbd282664932c4",
                "sha256:a13b74dd3c45f758d4ebdb224be8f1ab8ef58b3c0ffc1783a8c7d9f4f50227e6"
            ],
            "index": "pypi",
            "version": "==0.15.5"
        },
        "zipp": {
            "hashes": [
                "sha256:71c644c5369f4a6e07636f0aa966270449561fcea2e3d6747b8d23efaa9d7832",
                "sha256:9fe5ea21568a0a70e50f273397638d39b03353731e6cbbb3fd8502a33fec40bc"
            ],
            "markers": "python_version >= '3.6'",
            "version": "==3.6.0"
        }
    },
    "develop": {}
}
